// !$*UTF8*$!
{
	archiveVersion = 1;
	classes = {
	};
	objectVersion = 50;
	objects = {

/* Begin PBXBuildFile section */
		5C5BFBC02650E27D008A254C /* AppDelegate.swift in Sources */ = {isa = PBXBuildFile; fileRef = 5C5BFBBF2650E27D008A254C /* AppDelegate.swift */; };
		5C5BFBC22650E27D008A254C /* SceneDelegate.swift in Sources */ = {isa = PBXBuildFile; fileRef = 5C5BFBC12650E27D008A254C /* SceneDelegate.swift */; };
		5C5BFBC42650E27D008A254C /* ViewController.swift in Sources */ = {isa = PBXBuildFile; fileRef = 5C5BFBC32650E27D008A254C /* ViewController.swift */; };
		5C5BFBC72650E27D008A254C /* Main.storyboard in Resources */ = {isa = PBXBuildFile; fileRef = 5C5BFBC52650E27D008A254C /* Main.storyboard */; };
		5C5BFBC92650E280008A254C /* Assets.xcassets in Resources */ = {isa = PBXBuildFile; fileRef = 5C5BFBC82650E280008A254C /* Assets.xcassets */; };
		5C5BFBCC2650E280008A254C /* LaunchScreen.storyboard in Resources */ = {isa = PBXBuildFile; fileRef = 5C5BFBCA2650E280008A254C /* LaunchScreen.storyboard */; };
		5C5BFBD42650E555008A254C /* DetailViewController.swift in Sources */ = {isa = PBXBuildFile; fileRef = 5C5BFBD32650E555008A254C /* DetailViewController.swift */; };
/* End PBXBuildFile section */

/* Begin PBXFileReference section */
		5C5BFBBC2650E27D008A254C /* LifeCycleVC.app */ = {isa = PBXFileReference; explicitFileType = wrapper.application; includeInIndex = 0; path = LifeCycleVC.app; sourceTree = BUILT_PRODUCTS_DIR; };
		5C5BFBBF2650E27D008A254C /* AppDelegate.swift */ = {isa = PBXFileReference; lastKnownFileType = sourcecode.swift; path = AppDelegate.swift; sourceTree = "<group>"; };
		5C5BFBC12650E27D008A254C /* SceneDelegate.swift */ = {isa = PBXFileReference; lastKnownFileType = sourcecode.swift; path = SceneDelegate.swift; sourceTree = "<group>"; };
		5C5BFBC32650E27D008A254C /* ViewController.swift */ = {isa = PBXFileReference; lastKnownFileType = sourcecode.swift; path = ViewController.swift; sourceTree = "<group>"; };
		5C5BFBC62650E27D008A254C /* Base */ = {isa = PBXFileReference; lastKnownFileType = file.storyboard; name = Base; path = Base.lproj/Main.storyboard; sourceTree = "<group>"; };
		5C5BFBC82650E280008A254C /* Assets.xcassets */ = {isa = PBXFileReference; lastKnownFileType = folder.assetcatalog; path = Assets.xcassets; sourceTree = "<group>"; };
		5C5BFBCB2650E280008A254C /* Base */ = {isa = PBXFileReference; lastKnownFileType = file.storyboard; name = Base; path = Base.lproj/LaunchScreen.storyboard; sourceTree = "<group>"; };
		5C5BFBCD2650E280008A254C /* Info.plist */ = {isa = PBXFileReference; lastKnownFileType = text.plist.xml; path = Info.plist; sourceTree = "<group>"; };
		5C5BFBD32650E555008A254C /* DetailViewController.swift */ = {isa = PBXFileReference; lastKnownFileType = sourcecode.swift; path = DetailViewController.swift; sourceTree = "<group>"; };
/* End PBXFileReference section */

/* Begin PBXFrameworksBuildPhase section */
		5C5BFBB92650E27D008A254C /* Frameworks */ = {
			isa = PBXFrameworksBuildPhase;
			buildActionMask = 2147483647;
			files = (
			);
			runOnlyForDeploymentPostprocessing = 0;
		};
/* End PBXFrameworksBuildPhase section */

/* Begin PBXGroup section */
		5C5BFBB32650E27D008A254C = {
			isa = PBXGroup;
			children = (
				5C5BFBBE2650E27D008A254C /* LifeCycleVC */,
				5C5BFBBD2650E27D008A254C /* Products */,
			);
			sourceTree = "<group>";
		};
		5C5BFBBD2650E27D008A254C /* Products */ = {
			isa = PBXGroup;
			children = (
				5C5BFBBC2650E27D008A254C /* LifeCycleVC.app */,
			);
			name = Products;
			sourceTree = "<group>";
		};
		5C5BFBBE2650E27D008A254C /* LifeCycleVC */ = {
			isa = PBXGroup;
			children = (
				5C5BFBBF2650E27D008A254C /* AppDelegate.swift */,
				5C5BFBC12650E27D008A254C /* SceneDelegate.swift */,
				5C5BFBC32650E27D008A254C /* ViewController.swift */,
				5C5BFBC52650E27D008A254C /* Main.storyboard */,
				5C5BFBD32650E555008A254C /* DetailViewController.swift */,
				5C5BFBC82650E280008A254C /* Assets.xcassets */,
				5C5BFBCA2650E280008A254C /* LaunchScreen.storyboard */,
				5C5BFBCD2650E280008A254C /* Info.plist */,
			);
			path = LifeCycleVC;
			sourceTree = "<group>";
		};
/* End PBXGroup section */

/* Begin PBXNativeTarget section */
		5C5BFBBB2650E27D008A254C /* LifeCycleVC */ = {
			isa = PBXNativeTarget;
			buildConfigurationList = 5C5BFBD02650E280008A254C /* Build configuration list for PBXNativeTarget "LifeCycleVC" */;
			buildPhases = (
				5C5BFBB82650E27D008A254C /* Sources */,
				5C5BFBB92650E27D008A254C /* Frameworks */,
				5C5BFBBA2650E27D008A254C /* Resources */,
			);
			buildRules = (
			);
			dependencies = (
			);
			name = LifeCycleVC;
			productName = LifeCycleVC;
			productReference = 5C5BFBBC2650E27D008A254C /* LifeCycleVC.app */;
			productType = "com.apple.product-type.application";
		};
/* End PBXNativeTarget section */

/* Begin PBXProject section */
		5C5BFBB42650E27D008A254C /* Project object */ = {
			isa = PBXProject;
			attributes = {
				LastSwiftUpdateCheck = 1250;
				LastUpgradeCheck = 1250;
				TargetAttributes = {
					5C5BFBBB2650E27D008A254C = {
						CreatedOnToolsVersion = 12.5;
					};
				};
			};
			buildConfigurationList = 5C5BFBB72650E27D008A254C /* Build configuration list for PBXProject "LifeCycleVC" */;
			compatibilityVersion = "Xcode 9.3";
			developmentRegion = en;
			hasScannedForEncodings = 0;
			knownRegions = (
				en,
				Base,
			);
			mainGroup = 5C5BFBB32650E27D008A254C;
			productRefGroup = 5C5BFBBD2650E27D008A254C /* Products */;
			projectDirPath = "";
			projectRoot = "";
			targets = (
				5C5BFBBB2650E27D008A254C /* LifeCycleVC */,
			);
		};
/* End PBXProject section */

/* Begin PBXResourcesBuildPhase section */
		5C5BFBBA2650E27D008A254C /* Resources */ = {
			isa = PBXResourcesBuildPhase;
			buildActionMask = 2147483647;
			files = (
				5C5BFBCC2650E280008A254C /* LaunchScreen.storyboard in Resources */,
				5C5BFBC92650E280008A254C /* Assets.xcassets in Resources */,
				5C5BFBC72650E27D008A254C /* Main.storyboard in Resources */,
			);
			runOnlyForDeploymentPostprocessing = 0;
		};
/* End PBXResourcesBuildPhase section */

/* Begin PBXSourcesBuildPhase section */
		5C5BFBB82650E27D008A254C /* Sources */ = {
			isa = PBXSourcesBuildPhase;
			buildActionMask = 2147483647;
			files = (
				5C5BFBC42650E27D008A254C /* ViewController.swift in Sources */,
				5C5BFBC02650E27D008A254C /* AppDelegate.swift in Sources */,
				5C5BFBC22650E27D008A254C /* SceneDelegate.swift in Sources */,
				5C5BFBD42650E555008A254C /* DetailViewController.swift in Sources */,
			);
			runOnlyForDeploymentPostprocessing = 0;
		};
/* End PBXSourcesBuildPhase section */

/* Begin PBXVariantGroup section */
		5C5BFBC52650E27D008A254C /* Main.storyboard */ = {
			isa = PBXVariantGroup;
			children = (
				5C5BFBC62650E27D008A254C /* Base */,
			);
			name = Main.storyboard;
			sourceTree = "<group>";
		};
		5C5BFBCA2650E280008A254C /* LaunchScreen.storyboard */ = {
			isa = PBXVariantGroup;
			children = (
				5C5BFBCB2650E280008A254C /* Base */,
			);
			name = LaunchScreen.storyboard;
			sourceTree = "<group>";
		};
/* End PBXVariantGroup section */

/* Begin XCBuildConfiguration section */
		5C5BFBCE2650E280008A254C /* Debug */ = {
			isa = XCBuildConfiguration;
			buildSettings = {
				ALWAYS_SEARCH_USER_PATHS = NO;
				CLANG_ANALYZER_NONNULL = YES;
				CLANG_ANALYZER_NUMBER_OBJECT_CONVERSION = YES_AGGRESSIVE;
				CLANG_CXX_LANGUAGE_STANDARD = "gnu++14";
				CLANG_CXX_LIBRARY = "libc++";
				CLANG_ENABLE_MODULES = YES;
				CLANG_ENABLE_OBJC_ARC = YES;
				CLANG_ENABLE_OBJC_WEAK = YES;
				CLANG_WARN_BLOCK_CAPTURE_AUTORELEASING = YES;
				CLANG_WARN_BOOL_CONVERSION = YES;
				CLANG_WARN_COMMA = YES;
				CLANG_WARN_CONSTANT_CONVERSION = YES;
				CLANG_WARN_DEPRECATED_OBJC_IMPLEMENTATIONS = YES;
				CLANG_WARN_DIRECT_OBJC_ISA_USAGE = YES_ERROR;
				CLANG_WARN_DOCUMENTATION_COMMENTS = YES;
				CLANG_WARN_EMPTY_BODY = YES;
				CLANG_WARN_ENUM_CONVERSION = YES;
				CLANG_WARN_INFINITE_RECURSION = YES;
				CLANG_WARN_INT_CONVERSION = YES;
				CLANG_WARN_NON_LITERAL_NULL_CONVERSION = YES;
				CLANG_WARN_OBJC_IMPLICIT_RETAIN_SELF = YES;
				CLANG_WARN_OBJC_LITERAL_CONVERSION = YES;
				CLANG_WARN_OBJC_ROOT_CLASS = YES_ERROR;
				CLANG_WARN_QUOTED_INCLUDE_IN_FRAMEWORK_HEADER = YES;
				CLANG_WARN_RANGE_LOOP_ANALYSIS = YES;
				CLANG_WARN_STRICT_PROTOTYPES = YES;
				CLANG_WARN_SUSPICIOUS_MOVE = YES;
				CLANG_WARN_UNGUARDED_AVAILABILITY = YES_AGGRESSIVE;
				CLANG_WARN_UNREACHABLE_CODE = YES;
				CLANG_WARN__DUPLICATE_METHOD_MATCH = YES;
				COPY_PHASE_STRIP = NO;
				DEBUG_INFORMATION_FORMAT = dwarf;
				ENABLE_STRICT_OBJC_MSGSEND = YES;
				ENABLE_TESTABILITY = YES;
				GCC_C_LANGUAGE_STANDARD = gnu11;
				GCC_DYNAMIC_NO_PIC = NO;
				GCC_NO_COMMON_BLOCKS = YES;
				GCC_OPTIMIZATION_LEVEL = 0;
				GCC_PREPROCESSOR_DEFINITIONS = (
					"DEBUG=1",
					"$(inherited)",
				);
				GCC_WARN_64_TO_32_BIT_CONVERSION = YES;
				GCC_WARN_ABOUT_RETURN_TYPE = YES_ERROR;
				GCC_WARN_UNDECLARED_SELECTOR = YES;
				GCC_WARN_UNINITIALIZED_AUTOS = YES_AGGRESSIVE;
				GCC_WARN_UNUSED_FUNCTION = YES;
				GCC_WARN_UNUSED_VARIABLE = YES;
				IPHONEOS_DEPLOYMENT_TARGET = 14.5;
				MTL_ENABLE_DEBUG_INFO = INCLUDE_SOURCE;
				MTL_FAST_MATH = YES;
				ONLY_ACTIVE_ARCH = YES;
				SDKROOT = iphoneos;
				SWIFT_ACTIVE_COMPILATION_CONDITIONS = DEBUG;
				SWIFT_OPTIMIZATION_LEVEL = "-Onone";
			};
			name = Debug;
		};
		5C5BFBCF2650E280008A254C /* Release */ = {
			isa = XCBuildConfiguration;
			buildSettings = {
				ALWAYS_SEARCH_USER_PATHS = NO;
				CLANG_ANALYZER_NONNULL = YES;
				CLANG_ANALYZER_NUMBER_OBJECT_CONVERSION = YES_AGGRESSIVE;
				CLANG_CXX_LANGUAGE_STANDARD = "gnu++14";
				CLANG_CXX_LIBRARY = "libc++";
				CLANG_ENABLE_MODULES = YES;
				CLANG_ENABLE_OBJC_ARC = YES;
				CLANG_ENABLE_OBJC_WEAK = YES;
				CLANG_WARN_BLOCK_CAPTURE_AUTORELEASING = YES;
				CLANG_WARN_BOOL_CONVERSION = YES;
				CLANG_WARN_COMMA = YES;
				CLANG_WARN_CONSTANT_CONVERSION = YES;
				CLANG_WARN_DEPRECATED_OBJC_IMPLEMENTATIONS = YES;
				CLANG_WARN_DIRECT_OBJC_ISA_USAGE = YES_ERROR;
				CLANG_WARN_DOCUMENTATION_COMMENTS = YES;
				CLANG_WARN_EMPTY_BODY = YES;
				CLANG_WARN_ENUM_CONVERSION = YES;
				CLANG_WARN_INFINITE_RECURSION = YES;
				CLANG_WARN_INT_CONVERSION = YES;
				CLANG_WARN_NON_LITERAL_NULL_CONVERSION = YES;
				CLANG_WARN_OBJC_IMPLICIT_RETAIN_SELF = YES;
				CLANG_WARN_OBJC_LITERAL_CONVERSION = YES;
				CLANG_WARN_OBJC_ROOT_CLASS = YES_ERROR;
				CLANG_WARN_QUOTED_INCLUDE_IN_FRAMEWORK_HEADER = YES;
				CLANG_WARN_RANGE_LOOP_ANALYSIS = YES;
				CLANG_WARN_STRICT_PROTOTYPES = YES;
				CLANG_WARN_SUSPICIOUS_MOVE = YES;
				CLANG_WARN_UNGUARDED_AVAILABILITY = YES_AGGRESSIVE;
				CLANG_WARN_UNREACHABLE_CODE = YES;
				CLANG_WARN__DUPLICATE_METHOD_MATCH = YES;
				COPY_PHASE_STRIP = NO;
				DEBUG_INFORMATION_FORMAT = "dwarf-with-dsym";
				ENABLE_NS_ASSERTIONS = NO;
				ENABLE_STRICT_OBJC_MSGSEND = YES;
				GCC_C_LANGUAGE_STANDARD = gnu11;
				GCC_NO_COMMON_BLOCKS = YES;
				GCC_WARN_64_TO_32_BIT_CONVERSION = YES;
				GCC_WARN_ABOUT_RETURN_TYPE = YES_ERROR;
				GCC_WARN_UNDECLARED_SELECTOR = YES;
				GCC_WARN_UNINITIALIZED_AUTOS = YES_AGGRESSIVE;
				GCC_WARN_UNUSED_FUNCTION = YES;
				GCC_WARN_UNUSED_VARIABLE = YES;
				IPHONEOS_DEPLOYMENT_TARGET = 14.5;
				MTL_ENABLE_DEBUG_INFO = NO;
				MTL_FAST_MATH = YES;
				SDKROOT = iphoneos;
				SWIFT_COMPILATION_MODE = wholemodule;
				SWIFT_OPTIMIZATION_LEVEL = "-O";
				VALIDATE_PRODUCT = YES;
			};
			name = Release;
		};
		5C5BFBD12650E280008A254C /* Debug */ = {
			isa = XCBuildConfiguration;
			buildSettings = {
				ASSETCATALOG_COMPILER_APPICON_NAME = AppIcon;
				ASSETCATALOG_COMPILER_GLOBAL_ACCENT_COLOR_NAME = AccentColor;
				CODE_SIGN_STYLE = Automatic;
				DEVELOPMENT_TEAM = JH3P7U29VC;
				INFOPLIST_FILE = LifeCycleVC/Info.plist;
				LD_RUNPATH_SEARCH_PATHS = (
					"$(inherited)",
					"@executable_path/Frameworks",
				);
				PRODUCT_BUNDLE_IDENTIFIER = jsm.LifeCycleVC;
				PRODUCT_NAME = "$(TARGET_NAME)";
				SWIFT_VERSION = 5.0;
				TARGETED_DEVICE_FAMILY = "1,2";
			};
			name = Debug;
		};
		5C5BFBD22650E280008A254C /* Release */ = {
			isa = XCBuildConfiguration;
			buildSettings = {
				ASSETCATALOG_COMPILER_APPICON_NAME = AppIcon;
				ASSETCATALOG_COMPILER_GLOBAL_ACCENT_COLOR_NAME = AccentColor;
				CODE_SIGN_STYLE = Automatic;
				DEVELOPMENT_TEAM = JH3P7U29VC;
				INFOPLIST_FILE = LifeCycleVC/Info.plist;
				LD_RUNPATH_SEARCH_PATHS = (
					"$(inherited)",
					"@executable_path/Frameworks",
				);
				PRODUCT_BUNDLE_IDENTIFIER = jsm.LifeCycleVC;
				PRODUCT_NAME = "$(TARGET_NAME)";
				SWIFT_VERSION = 5.0;
				TARGETED_DEVICE_FAMILY = "1,2";
			};
			name = Release;
		};
/* End XCBuildConfiguration section */

/* Begin XCConfigurationList section */
		5C5BFBB72650E27D008A254C /* Build configuration list for PBXProject "LifeCycleVC" */ = {
			isa = XCConfigurationList;
			buildConfigurations = (
				5C5BFBCE2650E280008A254C /* Debug */,
				5C5BFBCF2650E280008A254C /* Release */,
			);
			defaultConfigurationIsVisible = 0;
			defaultConfigurationName = Release;
		};
		5C5BFBD02650E280008A254C /* Build configuration list for PBXNativeTarget "LifeCycleVC" */ = {
			isa = XCConfigurationList;
			buildConfigurations = (
				5C5BFBD12650E280008A254C /* Debug */,
				5C5BFBD22650E280008A254C /* Release */,
			);
			defaultConfigurationIsVisible = 0;
			defaultConfigurationName = Release;
		};
/* End XCConfigurationList section */
	};
	rootObject = 5C5BFBB42650E27D008A254C /* Project object */;
}
